Version: 1

Orient: R90
Pad: CORNER0           NW CORNERD
Pad: ipad_clk_i        N
Pad: ipad_DataOrReg    N
Pad: ipad_reset        N
Pad: ipad_CoreVDD1     N  VCCKD
Pad: ipad_CoreVSS1     N  GNDKD
Pad: ipad_is_positive  N
Pad: ipad_easter_egg_0 N
Pad: ipad_easter_egg_1 N
Pad: ipad_easter_egg_2 N

Orient: R0
Pad: CORNER1           NE CORNERD
Pad: ipad_instr_i_0    W
Pad: ipad_instr_i_1    W
Pad: ipad_instr_i_2    W
Pad: ipad_instr_i_3    W
Pad: ipad_IOVDD1       W  VCC3IOD
Pad: ipad_IOVSS1       W  GNDIOD
Pad: ipad_instr_i_4    W
Pad: ipad_instr_i_5    W
Pad: ipad_instr_i_6    W
Pad: ipad_instr_i_7    W

Orient: R180
Pad: CORNER2           SW CORNERD
Pad: ipad_vout_addr_0  S
Pad: ipad_vout_addr_1  S
Pad: ipad_address_0    S
Pad: ipad_CoreVSS2     S  GNDKD
Pad: ipad_CoreVDD2     S  VCCKD
Pad: ipad_address_1    S
Pad: ipad_address_2    S
Pad: ipad_address_3    S
Pad: ipad_address_4    S

Orient: R270
Pad: CORNER3           SE CORNERD
Pad: ipad_value_o_0    E
Pad: ipad_value_o_1    E
Pad: ipad_value_o_2    E
Pad: ipad_value_o_3    E
Pad: ipad_IOVDD2       E VCC3IOD
Pad: ipad_IOVSS2       E GNDIOD
Pad: ipad_value_o_4    E
Pad: ipad_value_o_5    E
Pad: ipad_value_o_6    E
Pad: ipad_value_o_7    E